<Solution>
  <Folder Name="/src/">
    <Project Path="src/Calcufolio.Api/Calcufolio.Api.csproj" />
    <Project Path="src/Calcufolio.Application/Calcufolio.Application.csproj" />
    <Project Path="src/Calcufolio.Domain/Calcufolio.Domain.csproj" />
    <Project Path="src/Calcufolio.Infrastructure/Calcufolio.Infrastructure.csproj" />
  </Folder>
</Solution>
